// !$*UTF8*$!
{
	archiveVersion = 1;
	classes = {
	};
	objectVersion = 50;
	objects = {

/* Begin PBXBuildFile section */
		F936C02328514E2200AF5BC7 /* DetailsViews.swift in Sources */ = {isa = PBXBuildFile; fileRef = F936C02228514E2200AF5BC7 /* DetailsViews.swift */; };
		F9769ABE28513AD20025C323 /* AppDelegate.swift in Sources */ = {isa = PBXBuildFile; fileRef = F9769ABD28513AD20025C323 /* AppDelegate.swift */; };
		F9769AC028513AD20025C323 /* SceneDelegate.swift in Sources */ = {isa = PBXBuildFile; fileRef = F9769ABF28513AD20025C323 /* SceneDelegate.swift */; };
		F9769AC228513AD20025C323 /* ContentView.swift in Sources */ = {isa = PBXBuildFile; fileRef = F9769AC128513AD20025C323 /* ContentView.swift */; };
		F9769AC428513AD60025C323 /* Assets.xcassets in Resources */ = {isa = PBXBuildFile; fileRef = F9769AC328513AD60025C323 /* Assets.xcassets */; };
		F9769AC728513AD60025C323 /* Preview Assets.xcassets in Resources */ = {isa = PBXBuildFile; fileRef = F9769AC628513AD60025C323 /* Preview Assets.xcassets */; };
		F9769ACA28513AD60025C323 /* LaunchScreen.storyboard in Resources */ = {isa = PBXBuildFile; fileRef = F9769AC828513AD60025C323 /* LaunchScreen.storyboard */; };
		F9769AD3285140920025C323 /* NetworkManager.swift in Sources */ = {isa = PBXBuildFile; fileRef = F9769AD2285140920025C323 /* NetworkManager.swift */; };
		F9769AD52851420E0025C323 /* PostData.swift in Sources */ = {isa = PBXBuildFile; fileRef = F9769AD42851420E0025C323 /* PostData.swift */; };
/* End PBXBuildFile section */

/* Begin PBXFileReference section */
		F936C02228514E2200AF5BC7 /* DetailsViews.swift */ = {isa = PBXFileReference; lastKnownFileType = sourcecode.swift; path = DetailsViews.swift; sourceTree = "<group>"; };
		F936C02428528CF100AF5BC7 /* H4XOR News.entitlements */ = {isa = PBXFileReference; lastKnownFileType = text.plist.entitlements; path = "H4XOR News.entitlements"; sourceTree = "<group>"; };
		F9769ABA28513AD20025C323 /* H4XOR News.app */ = {isa = PBXFileReference; explicitFileType = wrapper.application; includeInIndex = 0; path = "H4XOR News.app"; sourceTree = BUILT_PRODUCTS_DIR; };
		F9769ABD28513AD20025C323 /* AppDelegate.swift */ = {isa = PBXFileReference; lastKnownFileType = sourcecode.swift; path = AppDelegate.swift; sourceTree = "<group>"; };
		F9769ABF28513AD20025C323 /* SceneDelegate.swift */ = {isa = PBXFileReference; lastKnownFileType = sourcecode.swift; path = SceneDelegate.swift; sourceTree = "<group>"; };
		F9769AC128513AD20025C323 /* ContentView.swift */ = {isa = PBXFileReference; lastKnownFileType = sourcecode.swift; path = ContentView.swift; sourceTree = "<group>"; };
		F9769AC328513AD60025C323 /* Assets.xcassets */ = {isa = PBXFileReference; lastKnownFileType = folder.assetcatalog; path = Assets.xcassets; sourceTree = "<group>"; };
		F9769AC628513AD60025C323 /* Preview Assets.xcassets */ = {isa = PBXFileReference; lastKnownFileType = folder.assetcatalog; path = "Preview Assets.xcassets"; sourceTree = "<group>"; };
		F9769AC928513AD60025C323 /* Base */ = {isa = PBXFileReference; lastKnownFileType = file.storyboard; name = Base; path = Base.lproj/LaunchScreen.storyboard; sourceTree = "<group>"; };
		F9769ACB28513AD60025C323 /* Info.plist */ = {isa = PBXFileReference; lastKnownFileType = text.plist.xml; path = Info.plist; sourceTree = "<group>"; };
		F9769AD2285140920025C323 /* NetworkManager.swift */ = {isa = PBXFileReference; lastKnownFileType = sourcecode.swift; path = NetworkManager.swift; sourceTree = "<group>"; };
		F9769AD42851420E0025C323 /* PostData.swift */ = {isa = PBXFileReference; lastKnownFileType = sourcecode.swift; path = PostData.swift; sourceTree = "<group>"; };
/* End PBXFileReference section */

/* Begin PBXFrameworksBuildPhase section */
		F9769AB728513AD20025C323 /* Frameworks */ = {
			isa = PBXFrameworksBuildPhase;
			buildActionMask = 2147483647;
			files = (
			);
			runOnlyForDeploymentPostprocessing = 0;
		};
/* End PBXFrameworksBuildPhase section */

/* Begin PBXGroup section */
		F936C01F28514DC500AF5BC7 /* Views */ = {
			isa = PBXGroup;
			children = (
				F9769AC128513AD20025C323 /* ContentView.swift */,
				F936C02228514E2200AF5BC7 /* DetailsViews.swift */,
			);
			path = Views;
			sourceTree = "<group>";
		};
		F9769AB128513AD20025C323 = {
			isa = PBXGroup;
			children = (
				F9769ABC28513AD20025C323 /* H4XOR News */,
				F9769ABB28513AD20025C323 /* Products */,
			);
			sourceTree = "<group>";
		};
		F9769ABB28513AD20025C323 /* Products */ = {
			isa = PBXGroup;
			children = (
				F9769ABA28513AD20025C323 /* H4XOR News.app */,
			);
			name = Products;
			sourceTree = "<group>";
		};
		F9769ABC28513AD20025C323 /* H4XOR News */ = {
			isa = PBXGroup;
			children = (
				F936C02428528CF100AF5BC7 /* H4XOR News.entitlements */,
				F9769ABD28513AD20025C323 /* AppDelegate.swift */,
				F9769ABF28513AD20025C323 /* SceneDelegate.swift */,
				F936C01F28514DC500AF5BC7 /* Views */,
				F9769AD1285140680025C323 /* Model */,
				F9769AC328513AD60025C323 /* Assets.xcassets */,
				F9769AC828513AD60025C323 /* LaunchScreen.storyboard */,
				F9769ACB28513AD60025C323 /* Info.plist */,
				F9769AC528513AD60025C323 /* Preview Content */,
			);
			path = "H4XOR News";
			sourceTree = "<group>";
		};
		F9769AC528513AD60025C323 /* Preview Content */ = {
			isa = PBXGroup;
			children = (
				F9769AC628513AD60025C323 /* Preview Assets.xcassets */,
			);
			path = "Preview Content";
			sourceTree = "<group>";
		};
		F9769AD1285140680025C323 /* Model */ = {
			isa = PBXGroup;
			children = (
				F9769AD2285140920025C323 /* NetworkManager.swift */,
				F9769AD42851420E0025C323 /* PostData.swift */,
			);
			path = Model;
			sourceTree = "<group>";
		};
/* End PBXGroup section */

/* Begin PBXNativeTarget section */
		F9769AB928513AD20025C323 /* H4XOR News */ = {
			isa = PBXNativeTarget;
			buildConfigurationList = F9769ACE28513AD60025C323 /* Build configuration list for PBXNativeTarget "H4XOR News" */;
			buildPhases = (
				F9769AB628513AD20025C323 /* Sources */,
				F9769AB728513AD20025C323 /* Frameworks */,
				F9769AB828513AD20025C323 /* Resources */,
			);
			buildRules = (
			);
			dependencies = (
			);
			name = "H4XOR News";
			productName = "H4XOR News";
			productReference = F9769ABA28513AD20025C323 /* H4XOR News.app */;
			productType = "com.apple.product-type.application";
		};
/* End PBXNativeTarget section */

/* Begin PBXProject section */
		F9769AB228513AD20025C323 /* Project object */ = {
			isa = PBXProject;
			attributes = {
				LastSwiftUpdateCheck = 1150;
				LastUpgradeCheck = 1150;
				ORGANIZATIONNAME = "Preeti Kesarwani";
				TargetAttributes = {
					F9769AB928513AD20025C323 = {
						CreatedOnToolsVersion = 11.5;
					};
				};
			};
			buildConfigurationList = F9769AB528513AD20025C323 /* Build configuration list for PBXProject "H4XOR News" */;
			compatibilityVersion = "Xcode 9.3";
			developmentRegion = en;
			hasScannedForEncodings = 0;
			knownRegions = (
				en,
				Base,
			);
			mainGroup = F9769AB128513AD20025C323;
			productRefGroup = F9769ABB28513AD20025C323 /* Products */;
			projectDirPath = "";
			projectRoot = "";
			targets = (
				F9769AB928513AD20025C323 /* H4XOR News */,
			);
		};
/* End PBXProject section */

/* Begin PBXResourcesBuildPhase section */
		F9769AB828513AD20025C323 /* Resources */ = {
			isa = PBXResourcesBuildPhase;
			buildActionMask = 2147483647;
			files = (
				F9769ACA28513AD60025C323 /* LaunchScreen.storyboard in Resources */,
				F9769AC728513AD60025C323 /* Preview Assets.xcassets in Resources */,
				F9769AC428513AD60025C323 /* Assets.xcassets in Resources */,
			);
			runOnlyForDeploymentPostprocessing = 0;
		};
/* End PBXResourcesBuildPhase section */

/* Begin PBXSourcesBuildPhase section */
		F9769AB628513AD20025C323 /* Sources */ = {
			isa = PBXSourcesBuildPhase;
			buildActionMask = 2147483647;
			files = (
				F9769AD52851420E0025C323 /* PostData.swift in Sources */,
				F936C02328514E2200AF5BC7 /* DetailsViews.swift in Sources */,
				F9769AD3285140920025C323 /* NetworkManager.swift in Sources */,
				F9769ABE28513AD20025C323 /* AppDelegate.swift in Sources */,
				F9769AC028513AD20025C323 /* SceneDelegate.swift in Sources */,
				F9769AC228513AD20025C323 /* ContentView.swift in Sources */,
			);
			runOnlyForDeploymentPostprocessing = 0;
		};
/* End PBXSourcesBuildPhase section */

/* Begin PBXVariantGroup section */
		F9769AC828513AD60025C323 /* LaunchScreen.storyboard */ = {
			isa = PBXVariantGroup;
			children = (
				F9769AC928513AD60025C323 /* Base */,
			);
			name = LaunchScreen.storyboard;
			sourceTree = "<group>";
		};
/* End PBXVariantGroup section */

/* Begin XCBuildConfiguration section */
		F9769ACC28513AD60025C323 /* Debug */ = {
			isa = XCBuildConfiguration;
			buildSettings = {
				ALWAYS_SEARCH_USER_PATHS = NO;
				CLANG_ANALYZER_NONNULL = YES;
				CLANG_ANALYZER_NUMBER_OBJECT_CONVERSION = YES_AGGRESSIVE;
				CLANG_CXX_LANGUAGE_STANDARD = "gnu++14";
				CLANG_CXX_LIBRARY = "libc++";
				CLANG_ENABLE_MODULES = YES;
				CLANG_ENABLE_OBJC_ARC = YES;
				CLANG_ENABLE_OBJC_WEAK = YES;
				CLANG_WARN_BLOCK_CAPTURE_AUTORELEASING = YES;
				CLANG_WARN_BOOL_CONVERSION = YES;
				CLANG_WARN_COMMA = YES;
				CLANG_WARN_CONSTANT_CONVERSION = YES;
				CLANG_WARN_DEPRECATED_OBJC_IMPLEMENTATIONS = YES;
				CLANG_WARN_DIRECT_OBJC_ISA_USAGE = YES_ERROR;
				CLANG_WARN_DOCUMENTATION_COMMENTS = YES;
				CLANG_WARN_EMPTY_BODY = YES;
				CLANG_WARN_ENUM_CONVERSION = YES;
				CLANG_WARN_INFINITE_RECURSION = YES;
				CLANG_WARN_INT_CONVERSION = YES;
				CLANG_WARN_NON_LITERAL_NULL_CONVERSION = YES;
				CLANG_WARN_OBJC_IMPLICIT_RETAIN_SELF = YES;
				CLANG_WARN_OBJC_LITERAL_CONVERSION = YES;
				CLANG_WARN_OBJC_ROOT_CLASS = YES_ERROR;
				CLANG_WARN_RANGE_LOOP_ANALYSIS = YES;
				CLANG_WARN_STRICT_PROTOTYPES = YES;
				CLANG_WARN_SUSPICIOUS_MOVE = YES;
				CLANG_WARN_UNGUARDED_AVAILABILITY = YES_AGGRESSIVE;
				CLANG_WARN_UNREACHABLE_CODE = YES;
				CLANG_WARN__DUPLICATE_METHOD_MATCH = YES;
				COPY_PHASE_STRIP = NO;
				DEBUG_INFORMATION_FORMAT = dwarf;
				ENABLE_STRICT_OBJC_MSGSEND = YES;
				ENABLE_TESTABILITY = YES;
				GCC_C_LANGUAGE_STANDARD = gnu11;
				GCC_DYNAMIC_NO_PIC = NO;
				GCC_NO_COMMON_BLOCKS = YES;
				GCC_OPTIMIZATION_LEVEL = 0;
				GCC_PREPROCESSOR_DEFINITIONS = (
					"DEBUG=1",
					"$(inherited)",
				);
				GCC_WARN_64_TO_32_BIT_CONVERSION = YES;
				GCC_WARN_ABOUT_RETURN_TYPE = YES_ERROR;
				GCC_WARN_UNDECLARED_SELECTOR = YES;
				GCC_WARN_UNINITIALIZED_AUTOS = YES_AGGRESSIVE;
				GCC_WARN_UNUSED_FUNCTION = YES;
				GCC_WARN_UNUSED_VARIABLE = YES;
				IPHONEOS_DEPLOYMENT_TARGET = 13.5;
				MTL_ENABLE_DEBUG_INFO = INCLUDE_SOURCE;
				MTL_FAST_MATH = YES;
				ONLY_ACTIVE_ARCH = YES;
				SDKROOT = iphoneos;
				SWIFT_ACTIVE_COMPILATION_CONDITIONS = DEBUG;
				SWIFT_OPTIMIZATION_LEVEL = "-Onone";
			};
			name = Debug;
		};
		F9769ACD28513AD60025C323 /* Release */ = {
			isa = XCBuildConfiguration;
			buildSettings = {
				ALWAYS_SEARCH_USER_PATHS = NO;
				CLANG_ANALYZER_NONNULL = YES;
				CLANG_ANALYZER_NUMBER_OBJECT_CONVERSION = YES_AGGRESSIVE;
				CLANG_CXX_LANGUAGE_STANDARD = "gnu++14";
				CLANG_CXX_LIBRARY = "libc++";
				CLANG_ENABLE_MODULES = YES;
				CLANG_ENABLE_OBJC_ARC = YES;
				CLANG_ENABLE_OBJC_WEAK = YES;
				CLANG_WARN_BLOCK_CAPTURE_AUTORELEASING = YES;
				CLANG_WARN_BOOL_CONVERSION = YES;
				CLANG_WARN_COMMA = YES;
				CLANG_WARN_CONSTANT_CONVERSION = YES;
				CLANG_WARN_DEPRECATED_OBJC_IMPLEMENTATIONS = YES;
				CLANG_WARN_DIRECT_OBJC_ISA_USAGE = YES_ERROR;
				CLANG_WARN_DOCUMENTATION_COMMENTS = YES;
				CLANG_WARN_EMPTY_BODY = YES;
				CLANG_WARN_ENUM_CONVERSION = YES;
				CLANG_WARN_INFINITE_RECURSION = YES;
				CLANG_WARN_INT_CONVERSION = YES;
				CLANG_WARN_NON_LITERAL_NULL_CONVERSION = YES;
				CLANG_WARN_OBJC_IMPLICIT_RETAIN_SELF = YES;
				CLANG_WARN_OBJC_LITERAL_CONVERSION = YES;
				CLANG_WARN_OBJC_ROOT_CLASS = YES_ERROR;
				CLANG_WARN_RANGE_LOOP_ANALYSIS = YES;
				CLANG_WARN_STRICT_PROTOTYPES = YES;
				CLANG_WARN_SUSPICIOUS_MOVE = YES;
				CLANG_WARN_UNGUARDED_AVAILABILITY = YES_AGGRESSIVE;
				CLANG_WARN_UNREACHABLE_CODE = YES;
				CLANG_WARN__DUPLICATE_METHOD_MATCH = YES;
				COPY_PHASE_STRIP = NO;
				DEBUG_INFORMATION_FORMAT = "dwarf-with-dsym";
				ENABLE_NS_ASSERTIONS = NO;
				ENABLE_STRICT_OBJC_MSGSEND = YES;
				GCC_C_LANGUAGE_STANDARD = gnu11;
				GCC_NO_COMMON_BLOCKS = YES;
				GCC_WARN_64_TO_32_BIT_CONVERSION = YES;
				GCC_WARN_ABOUT_RETURN_TYPE = YES_ERROR;
				GCC_WARN_UNDECLARED_SELECTOR = YES;
				GCC_WARN_UNINITIALIZED_AUTOS = YES_AGGRESSIVE;
				GCC_WARN_UNUSED_FUNCTION = YES;
				GCC_WARN_UNUSED_VARIABLE = YES;
				IPHONEOS_DEPLOYMENT_TARGET = 13.5;
				MTL_ENABLE_DEBUG_INFO = NO;
				MTL_FAST_MATH = YES;
				SDKROOT = iphoneos;
				SWIFT_COMPILATION_MODE = wholemodule;
				SWIFT_OPTIMIZATION_LEVEL = "-O";
				VALIDATE_PRODUCT = YES;
			};
			name = Release;
		};
		F9769ACF28513AD60025C323 /* Debug */ = {
			isa = XCBuildConfiguration;
			buildSettings = {
				ASSETCATALOG_COMPILER_APPICON_NAME = AppIcon;
				CODE_SIGN_ENTITLEMENTS = "H4XOR News/H4XOR News.entitlements";
				CODE_SIGN_STYLE = Automatic;
				DEVELOPMENT_ASSET_PATHS = "\"H4XOR News/Preview Content\"";
				ENABLE_PREVIEWS = YES;
				INFOPLIST_FILE = "H4XOR News/Info.plist";
				LD_RUNPATH_SEARCH_PATHS = (
					"$(inherited)",
					"@executable_path/Frameworks",
				);
				PRODUCT_BUNDLE_IDENTIFIER = "PREETI.H4XOR-News";
				"PRODUCT_BUNDLE_IDENTIFIER[sdk=macosx*]" = "";
				PRODUCT_NAME = "$(TARGET_NAME)";
				SUPPORTS_MACCATALYST = YES;
				SWIFT_VERSION = 5.0;
				TARGETED_DEVICE_FAMILY = "1,2";
			};
			name = Debug;
		};
		F9769AD028513AD60025C323 /* Release */ = {
			isa = XCBuildConfiguration;
			buildSettings = {
				ASSETCATALOG_COMPILER_APPICON_NAME = AppIcon;
				CODE_SIGN_ENTITLEMENTS = "H4XOR News/H4XOR News.entitlements";
				CODE_SIGN_STYLE = Automatic;
				DEVELOPMENT_ASSET_PATHS = "\"H4XOR News/Preview Content\"";
				ENABLE_PREVIEWS = YES;
				INFOPLIST_FILE = "H4XOR News/Info.plist";
				LD_RUNPATH_SEARCH_PATHS = (
					"$(inherited)",
					"@executable_path/Frameworks",
				);
				PRODUCT_BUNDLE_IDENTIFIER = "PREETI.H4XOR-News";
				PRODUCT_NAME = "$(TARGET_NAME)";
				SUPPORTS_MACCATALYST = YES;
				SWIFT_VERSION = 5.0;
				TARGETED_DEVICE_FAMILY = "1,2";
			};
			name = Release;
		};
/* End XCBuildConfiguration section */

/* Begin XCConfigurationList section */
		F9769AB528513AD20025C323 /* Build configuration list for PBXProject "H4XOR News" */ = {
			isa = XCConfigurationList;
			buildConfigurations = (
				F9769ACC28513AD60025C323 /* Debug */,
				F9769ACD28513AD60025C323 /* Release */,
			);
			defaultConfigurationIsVisible = 0;
			defaultConfigurationName = Release;
		};
		F9769ACE28513AD60025C323 /* Build configuration list for PBXNativeTarget "H4XOR News" */ = {
			isa = XCConfigurationList;
			buildConfigurations = (
				F9769ACF28513AD60025C323 /* Debug */,
				F9769AD028513AD60025C323 /* Release */,
			);
			defaultConfigurationIsVisible = 0;
			defaultConfigurationName = Release;
		};
/* End XCConfigurationList section */
	};
	rootObject = F9769AB228513AD20025C323 /* Project object */;
}
